
Microsoft Visual Studio Solution File, Format Version 12.00
# Visual Studio Version 17
VisualStudioVersion = 17.1.32319.34
MinimumVisualStudioVersion = 10.0.40219.1
Project("{FAE04EC0-301F-11D3-BF4B-00C04F79EFBC}") = "EmailSendingWinApp", "EmailSendingWinApp\EmailSendingWinApp.csproj", "{F395587E-9F58-4DD3-A8A9-A89258105B9D}"
EndProject
Global
	GlobalSection(SolutionConfigurationPlatforms) = preSolution
		Debug|Any CPU = Debug|Any CPU
		Release|Any CPU = Release|Any CPU
	EndGlobalSection
	GlobalSection(ProjectConfigurationPlatforms) = postSolution
		{F395587E-9F58-4DD3-A8A9-A89258105B9D}.Debug|Any CPU.ActiveCfg = Debug|Any CPU
		{F395587E-9F58-4DD3-A8A9-A89258105B9D}.Debug|Any CPU.Build.0 = Debug|Any CPU
		{F395587E-9F58-4DD3-A8A9-A89258105B9D}.Release|Any CPU.ActiveCfg = Release|Any CPU
		{F395587E-9F58-4DD3-A8A9-A89258105B9D}.Release|Any CPU.Build.0 = Release|Any CPU
	EndGlobalSection
	GlobalSection(SolutionProperties) = preSolution
		HideSolutionNode = FALSE
	EndGlobalSection
	GlobalSection(ExtensibilityGlobals) = postSolution
		SolutionGuid = {FACD4E91-4FCC-43FF-BCB6-06333F50E266}
	EndGlobalSection
EndGlobal
